// !$*UTF8*$!
{
	archiveVersion = 1;
	classes = {
	};
	objectVersion = 56;
	objects = {

/* Begin PBXBuildFile section */
		65070D892AD5A63A00AB181E /* rpgsheetApp.swift in Sources */ = {isa = PBXBuildFile; fileRef = 65070D882AD5A63A00AB181E /* rpgsheetApp.swift */; };
		65070D8F2AD5A63B00AB181E /* Assets.xcassets in Resources */ = {isa = PBXBuildFile; fileRef = 65070D8E2AD5A63B00AB181E /* Assets.xcassets */; };
		65070D922AD5A63B00AB181E /* Preview Assets.xcassets in Resources */ = {isa = PBXBuildFile; fileRef = 65070D912AD5A63B00AB181E /* Preview Assets.xcassets */; };
		65070D9E2AD5A63B00AB181E /* rpgsheetTests.swift in Sources */ = {isa = PBXBuildFile; fileRef = 65070D9D2AD5A63B00AB181E /* rpgsheetTests.swift */; };
		65070DA82AD5A63B00AB181E /* rpgsheetUITests.swift in Sources */ = {isa = PBXBuildFile; fileRef = 65070DA72AD5A63B00AB181E /* rpgsheetUITests.swift */; };
		65070DAA2AD5A63B00AB181E /* rpgsheetUITestsLaunchTests.swift in Sources */ = {isa = PBXBuildFile; fileRef = 65070DA92AD5A63B00AB181E /* rpgsheetUITestsLaunchTests.swift */; };
		6562157D2ADA058100E4F38B /* AttributeView.swift in Sources */ = {isa = PBXBuildFile; fileRef = 6562157C2ADA058100E4F38B /* AttributeView.swift */; };
		6562157F2ADA254100E4F38B /* RPGAttribute.swift in Sources */ = {isa = PBXBuildFile; fileRef = 6562157E2ADA254100E4F38B /* RPGAttribute.swift */; };
		656215822ADA255D00E4F38B /* String+Extensions.swift in Sources */ = {isa = PBXBuildFile; fileRef = 656215812ADA255D00E4F38B /* String+Extensions.swift */; };
		65A4E0912AD750B300969C3A /* RPGClass.swift in Sources */ = {isa = PBXBuildFile; fileRef = 65A4E0902AD750B300969C3A /* RPGClass.swift */; };
		65A4E0932AD7520600969C3A /* RPGRace.swift in Sources */ = {isa = PBXBuildFile; fileRef = 65A4E0922AD7520600969C3A /* RPGRace.swift */; };
		65E8704D2AD6F7E200C829C0 /* CharacterListView.swift in Sources */ = {isa = PBXBuildFile; fileRef = 65E8704C2AD6F7E200C829C0 /* CharacterListView.swift */; };
		65E8704F2AD6F7EE00C829C0 /* RPGCharacter.swift in Sources */ = {isa = PBXBuildFile; fileRef = 65E8704E2AD6F7EE00C829C0 /* RPGCharacter.swift */; };
		65E870512AD6FE2300C829C0 /* NewCharacterView.swift in Sources */ = {isa = PBXBuildFile; fileRef = 65E870502AD6FE2300C829C0 /* NewCharacterView.swift */; };
/* End PBXBuildFile section */

/* Begin PBXContainerItemProxy section */
		65070D9A2AD5A63B00AB181E /* PBXContainerItemProxy */ = {
			isa = PBXContainerItemProxy;
			containerPortal = 65070D7D2AD5A63A00AB181E /* Project object */;
			proxyType = 1;
			remoteGlobalIDString = 65070D842AD5A63A00AB181E;
			remoteInfo = rpgsheet;
		};
		65070DA42AD5A63B00AB181E /* PBXContainerItemProxy */ = {
			isa = PBXContainerItemProxy;
			containerPortal = 65070D7D2AD5A63A00AB181E /* Project object */;
			proxyType = 1;
			remoteGlobalIDString = 65070D842AD5A63A00AB181E;
			remoteInfo = rpgsheet;
		};
/* End PBXContainerItemProxy section */

/* Begin PBXFileReference section */
		65070D852AD5A63A00AB181E /* rpgsheet.app */ = {isa = PBXFileReference; explicitFileType = wrapper.application; includeInIndex = 0; path = rpgsheet.app; sourceTree = BUILT_PRODUCTS_DIR; };
		65070D882AD5A63A00AB181E /* rpgsheetApp.swift */ = {isa = PBXFileReference; lastKnownFileType = sourcecode.swift; path = rpgsheetApp.swift; sourceTree = "<group>"; };
		65070D8E2AD5A63B00AB181E /* Assets.xcassets */ = {isa = PBXFileReference; lastKnownFileType = folder.assetcatalog; path = Assets.xcassets; sourceTree = "<group>"; };
		65070D912AD5A63B00AB181E /* Preview Assets.xcassets */ = {isa = PBXFileReference; lastKnownFileType = folder.assetcatalog; path = "Preview Assets.xcassets"; sourceTree = "<group>"; };
		65070D932AD5A63B00AB181E /* rpgsheet.entitlements */ = {isa = PBXFileReference; lastKnownFileType = text.plist.entitlements; path = rpgsheet.entitlements; sourceTree = "<group>"; };
		65070D942AD5A63B00AB181E /* Info.plist */ = {isa = PBXFileReference; lastKnownFileType = text.plist.xml; path = Info.plist; sourceTree = "<group>"; };
		65070D992AD5A63B00AB181E /* rpgsheetTests.xctest */ = {isa = PBXFileReference; explicitFileType = wrapper.cfbundle; includeInIndex = 0; path = rpgsheetTests.xctest; sourceTree = BUILT_PRODUCTS_DIR; };
		65070D9D2AD5A63B00AB181E /* rpgsheetTests.swift */ = {isa = PBXFileReference; lastKnownFileType = sourcecode.swift; path = rpgsheetTests.swift; sourceTree = "<group>"; };
		65070DA32AD5A63B00AB181E /* rpgsheetUITests.xctest */ = {isa = PBXFileReference; explicitFileType = wrapper.cfbundle; includeInIndex = 0; path = rpgsheetUITests.xctest; sourceTree = BUILT_PRODUCTS_DIR; };
		65070DA72AD5A63B00AB181E /* rpgsheetUITests.swift */ = {isa = PBXFileReference; lastKnownFileType = sourcecode.swift; path = rpgsheetUITests.swift; sourceTree = "<group>"; };
		65070DA92AD5A63B00AB181E /* rpgsheetUITestsLaunchTests.swift */ = {isa = PBXFileReference; lastKnownFileType = sourcecode.swift; path = rpgsheetUITestsLaunchTests.swift; sourceTree = "<group>"; };
		6562157C2ADA058100E4F38B /* AttributeView.swift */ = {isa = PBXFileReference; lastKnownFileType = sourcecode.swift; path = AttributeView.swift; sourceTree = "<group>"; };
		6562157E2ADA254100E4F38B /* RPGAttribute.swift */ = {isa = PBXFileReference; fileEncoding = 4; lastKnownFileType = sourcecode.swift; path = RPGAttribute.swift; sourceTree = "<group>"; };
		656215812ADA255D00E4F38B /* String+Extensions.swift */ = {isa = PBXFileReference; lastKnownFileType = sourcecode.swift; path = "String+Extensions.swift"; sourceTree = "<group>"; };
		65A4E0902AD750B300969C3A /* RPGClass.swift */ = {isa = PBXFileReference; lastKnownFileType = sourcecode.swift; path = RPGClass.swift; sourceTree = "<group>"; };
		65A4E0922AD7520600969C3A /* RPGRace.swift */ = {isa = PBXFileReference; lastKnownFileType = sourcecode.swift; path = RPGRace.swift; sourceTree = "<group>"; };
		65E8704C2AD6F7E200C829C0 /* CharacterListView.swift */ = {isa = PBXFileReference; lastKnownFileType = sourcecode.swift; path = CharacterListView.swift; sourceTree = "<group>"; };
		65E8704E2AD6F7EE00C829C0 /* RPGCharacter.swift */ = {isa = PBXFileReference; lastKnownFileType = sourcecode.swift; path = RPGCharacter.swift; sourceTree = "<group>"; };
		65E870502AD6FE2300C829C0 /* NewCharacterView.swift */ = {isa = PBXFileReference; lastKnownFileType = sourcecode.swift; path = NewCharacterView.swift; sourceTree = "<group>"; };
/* End PBXFileReference section */

/* Begin PBXFrameworksBuildPhase section */
		65070D822AD5A63A00AB181E /* Frameworks */ = {
			isa = PBXFrameworksBuildPhase;
			buildActionMask = 2147483647;
			files = (
			);
			runOnlyForDeploymentPostprocessing = 0;
		};
		65070D962AD5A63B00AB181E /* Frameworks */ = {
			isa = PBXFrameworksBuildPhase;
			buildActionMask = 2147483647;
			files = (
			);
			runOnlyForDeploymentPostprocessing = 0;
		};
		65070DA02AD5A63B00AB181E /* Frameworks */ = {
			isa = PBXFrameworksBuildPhase;
			buildActionMask = 2147483647;
			files = (
			);
			runOnlyForDeploymentPostprocessing = 0;
		};
/* End PBXFrameworksBuildPhase section */

/* Begin PBXGroup section */
		65070D7C2AD5A63A00AB181E = {
			isa = PBXGroup;
			children = (
				65070D872AD5A63A00AB181E /* rpgsheet */,
				65070D9C2AD5A63B00AB181E /* rpgsheetTests */,
				65070DA62AD5A63B00AB181E /* rpgsheetUITests */,
				65070D862AD5A63A00AB181E /* Products */,
			);
			sourceTree = "<group>";
		};
		65070D862AD5A63A00AB181E /* Products */ = {
			isa = PBXGroup;
			children = (
				65070D852AD5A63A00AB181E /* rpgsheet.app */,
				65070D992AD5A63B00AB181E /* rpgsheetTests.xctest */,
				65070DA32AD5A63B00AB181E /* rpgsheetUITests.xctest */,
			);
			name = Products;
			sourceTree = "<group>";
		};
		65070D872AD5A63A00AB181E /* rpgsheet */ = {
			isa = PBXGroup;
			children = (
				65070D932AD5A63B00AB181E /* rpgsheet.entitlements */,
				65070D942AD5A63B00AB181E /* Info.plist */,
				65070D882AD5A63A00AB181E /* rpgsheetApp.swift */,
				65070D8E2AD5A63B00AB181E /* Assets.xcassets */,
				656215802ADA254C00E4F38B /* Extensions */,
				65E8704A2AD6F7C500C829C0 /* Model */,
				65070D902AD5A63B00AB181E /* Preview Content */,
				65E8704B2AD6F7CA00C829C0 /* View */,
			);
			path = rpgsheet;
			sourceTree = "<group>";
		};
		65070D902AD5A63B00AB181E /* Preview Content */ = {
			isa = PBXGroup;
			children = (
				65070D912AD5A63B00AB181E /* Preview Assets.xcassets */,
			);
			path = "Preview Content";
			sourceTree = "<group>";
		};
		65070D9C2AD5A63B00AB181E /* rpgsheetTests */ = {
			isa = PBXGroup;
			children = (
				65070D9D2AD5A63B00AB181E /* rpgsheetTests.swift */,
			);
			path = rpgsheetTests;
			sourceTree = "<group>";
		};
		65070DA62AD5A63B00AB181E /* rpgsheetUITests */ = {
			isa = PBXGroup;
			children = (
				65070DA72AD5A63B00AB181E /* rpgsheetUITests.swift */,
				65070DA92AD5A63B00AB181E /* rpgsheetUITestsLaunchTests.swift */,
			);
			path = rpgsheetUITests;
			sourceTree = "<group>";
		};
		6562157B2ADA055900E4F38B /* Custom */ = {
			isa = PBXGroup;
			children = (
				6562157C2ADA058100E4F38B /* AttributeView.swift */,
			);
			path = Custom;
			sourceTree = "<group>";
		};
		656215802ADA254C00E4F38B /* Extensions */ = {
			isa = PBXGroup;
			children = (
				656215812ADA255D00E4F38B /* String+Extensions.swift */,
			);
			path = Extensions;
			sourceTree = "<group>";
		};
		65E8704A2AD6F7C500C829C0 /* Model */ = {
			isa = PBXGroup;
			children = (
				6562157E2ADA254100E4F38B /* RPGAttribute.swift */,
				65E8704E2AD6F7EE00C829C0 /* RPGCharacter.swift */,
				65A4E0902AD750B300969C3A /* RPGClass.swift */,
				65A4E0922AD7520600969C3A /* RPGRace.swift */,
			);
			path = Model;
			sourceTree = "<group>";
		};
		65E8704B2AD6F7CA00C829C0 /* View */ = {
			isa = PBXGroup;
			children = (
				65E8704C2AD6F7E200C829C0 /* CharacterListView.swift */,
				65E870502AD6FE2300C829C0 /* NewCharacterView.swift */,
				6562157B2ADA055900E4F38B /* Custom */,
			);
			path = View;
			sourceTree = "<group>";
		};
/* End PBXGroup section */

/* Begin PBXNativeTarget section */
		65070D842AD5A63A00AB181E /* rpgsheet */ = {
			isa = PBXNativeTarget;
			buildConfigurationList = 65070DAD2AD5A63B00AB181E /* Build configuration list for PBXNativeTarget "rpgsheet" */;
			buildPhases = (
				65070D812AD5A63A00AB181E /* Sources */,
				65070D822AD5A63A00AB181E /* Frameworks */,
				65070D832AD5A63A00AB181E /* Resources */,
			);
			buildRules = (
			);
			dependencies = (
			);
			name = rpgsheet;
			productName = rpgsheet;
			productReference = 65070D852AD5A63A00AB181E /* rpgsheet.app */;
			productType = "com.apple.product-type.application";
		};
		65070D982AD5A63B00AB181E /* rpgsheetTests */ = {
			isa = PBXNativeTarget;
			buildConfigurationList = 65070DB02AD5A63B00AB181E /* Build configuration list for PBXNativeTarget "rpgsheetTests" */;
			buildPhases = (
				65070D952AD5A63B00AB181E /* Sources */,
				65070D962AD5A63B00AB181E /* Frameworks */,
				65070D972AD5A63B00AB181E /* Resources */,
			);
			buildRules = (
			);
			dependencies = (
				65070D9B2AD5A63B00AB181E /* PBXTargetDependency */,
			);
			name = rpgsheetTests;
			productName = rpgsheetTests;
			productReference = 65070D992AD5A63B00AB181E /* rpgsheetTests.xctest */;
			productType = "com.apple.product-type.bundle.unit-test";
		};
		65070DA22AD5A63B00AB181E /* rpgsheetUITests */ = {
			isa = PBXNativeTarget;
			buildConfigurationList = 65070DB32AD5A63B00AB181E /* Build configuration list for PBXNativeTarget "rpgsheetUITests" */;
			buildPhases = (
				65070D9F2AD5A63B00AB181E /* Sources */,
				65070DA02AD5A63B00AB181E /* Frameworks */,
				65070DA12AD5A63B00AB181E /* Resources */,
			);
			buildRules = (
			);
			dependencies = (
				65070DA52AD5A63B00AB181E /* PBXTargetDependency */,
			);
			name = rpgsheetUITests;
			productName = rpgsheetUITests;
			productReference = 65070DA32AD5A63B00AB181E /* rpgsheetUITests.xctest */;
			productType = "com.apple.product-type.bundle.ui-testing";
		};
/* End PBXNativeTarget section */

/* Begin PBXProject section */
		65070D7D2AD5A63A00AB181E /* Project object */ = {
			isa = PBXProject;
			attributes = {
				BuildIndependentTargetsInParallel = 1;
				LastSwiftUpdateCheck = 1500;
				LastUpgradeCheck = 1500;
				TargetAttributes = {
					65070D842AD5A63A00AB181E = {
						CreatedOnToolsVersion = 15.0;
					};
					65070D982AD5A63B00AB181E = {
						CreatedOnToolsVersion = 15.0;
						TestTargetID = 65070D842AD5A63A00AB181E;
					};
					65070DA22AD5A63B00AB181E = {
						CreatedOnToolsVersion = 15.0;
						TestTargetID = 65070D842AD5A63A00AB181E;
					};
				};
			};
			buildConfigurationList = 65070D802AD5A63A00AB181E /* Build configuration list for PBXProject "rpgsheet" */;
			compatibilityVersion = "Xcode 14.0";
			developmentRegion = en;
			hasScannedForEncodings = 0;
			knownRegions = (
				en,
				Base,
			);
			mainGroup = 65070D7C2AD5A63A00AB181E;
			productRefGroup = 65070D862AD5A63A00AB181E /* Products */;
			projectDirPath = "";
			projectRoot = "";
			targets = (
				65070D842AD5A63A00AB181E /* rpgsheet */,
				65070D982AD5A63B00AB181E /* rpgsheetTests */,
				65070DA22AD5A63B00AB181E /* rpgsheetUITests */,
			);
		};
/* End PBXProject section */

/* Begin PBXResourcesBuildPhase section */
		65070D832AD5A63A00AB181E /* Resources */ = {
			isa = PBXResourcesBuildPhase;
			buildActionMask = 2147483647;
			files = (
				65070D922AD5A63B00AB181E /* Preview Assets.xcassets in Resources */,
				65070D8F2AD5A63B00AB181E /* Assets.xcassets in Resources */,
			);
			runOnlyForDeploymentPostprocessing = 0;
		};
		65070D972AD5A63B00AB181E /* Resources */ = {
			isa = PBXResourcesBuildPhase;
			buildActionMask = 2147483647;
			files = (
			);
			runOnlyForDeploymentPostprocessing = 0;
		};
		65070DA12AD5A63B00AB181E /* Resources */ = {
			isa = PBXResourcesBuildPhase;
			buildActionMask = 2147483647;
			files = (
			);
			runOnlyForDeploymentPostprocessing = 0;
		};
/* End PBXResourcesBuildPhase section */

/* Begin PBXSourcesBuildPhase section */
		65070D812AD5A63A00AB181E /* Sources */ = {
			isa = PBXSourcesBuildPhase;
			buildActionMask = 2147483647;
			files = (
				65070D892AD5A63A00AB181E /* rpgsheetApp.swift in Sources */,
				65A4E0912AD750B300969C3A /* RPGClass.swift in Sources */,
				6562157F2ADA254100E4F38B /* RPGAttribute.swift in Sources */,
				65A4E0932AD7520600969C3A /* RPGRace.swift in Sources */,
				656215822ADA255D00E4F38B /* String+Extensions.swift in Sources */,
				65E870512AD6FE2300C829C0 /* NewCharacterView.swift in Sources */,
				6562157D2ADA058100E4F38B /* AttributeView.swift in Sources */,
				65E8704D2AD6F7E200C829C0 /* CharacterListView.swift in Sources */,
				65E8704F2AD6F7EE00C829C0 /* RPGCharacter.swift in Sources */,
			);
			runOnlyForDeploymentPostprocessing = 0;
		};
		65070D952AD5A63B00AB181E /* Sources */ = {
			isa = PBXSourcesBuildPhase;
			buildActionMask = 2147483647;
			files = (
				65070D9E2AD5A63B00AB181E /* rpgsheetTests.swift in Sources */,
			);
			runOnlyForDeploymentPostprocessing = 0;
		};
		65070D9F2AD5A63B00AB181E /* Sources */ = {
			isa = PBXSourcesBuildPhase;
			buildActionMask = 2147483647;
			files = (
				65070DAA2AD5A63B00AB181E /* rpgsheetUITestsLaunchTests.swift in Sources */,
				65070DA82AD5A63B00AB181E /* rpgsheetUITests.swift in Sources */,
			);
			runOnlyForDeploymentPostprocessing = 0;
		};
/* End PBXSourcesBuildPhase section */

/* Begin PBXTargetDependency section */
		65070D9B2AD5A63B00AB181E /* PBXTargetDependency */ = {
			isa = PBXTargetDependency;
			target = 65070D842AD5A63A00AB181E /* rpgsheet */;
			targetProxy = 65070D9A2AD5A63B00AB181E /* PBXContainerItemProxy */;
		};
		65070DA52AD5A63B00AB181E /* PBXTargetDependency */ = {
			isa = PBXTargetDependency;
			target = 65070D842AD5A63A00AB181E /* rpgsheet */;
			targetProxy = 65070DA42AD5A63B00AB181E /* PBXContainerItemProxy */;
		};
/* End PBXTargetDependency section */

/* Begin XCBuildConfiguration section */
		65070DAB2AD5A63B00AB181E /* Debug */ = {
			isa = XCBuildConfiguration;
			buildSettings = {
				ALWAYS_SEARCH_USER_PATHS = NO;
				ASSETCATALOG_COMPILER_GENERATE_SWIFT_ASSET_SYMBOL_EXTENSIONS = YES;
				CLANG_ANALYZER_NONNULL = YES;
				CLANG_ANALYZER_NUMBER_OBJECT_CONVERSION = YES_AGGRESSIVE;
				CLANG_CXX_LANGUAGE_STANDARD = "gnu++20";
				CLANG_ENABLE_MODULES = YES;
				CLANG_ENABLE_OBJC_ARC = YES;
				CLANG_ENABLE_OBJC_WEAK = YES;
				CLANG_WARN_BLOCK_CAPTURE_AUTORELEASING = YES;
				CLANG_WARN_BOOL_CONVERSION = YES;
				CLANG_WARN_COMMA = YES;
				CLANG_WARN_CONSTANT_CONVERSION = YES;
				CLANG_WARN_DEPRECATED_OBJC_IMPLEMENTATIONS = YES;
				CLANG_WARN_DIRECT_OBJC_ISA_USAGE = YES_ERROR;
				CLANG_WARN_DOCUMENTATION_COMMENTS = YES;
				CLANG_WARN_EMPTY_BODY = YES;
				CLANG_WARN_ENUM_CONVERSION = YES;
				CLANG_WARN_INFINITE_RECURSION = YES;
				CLANG_WARN_INT_CONVERSION = YES;
				CLANG_WARN_NON_LITERAL_NULL_CONVERSION = YES;
				CLANG_WARN_OBJC_IMPLICIT_RETAIN_SELF = YES;
				CLANG_WARN_OBJC_LITERAL_CONVERSION = YES;
				CLANG_WARN_OBJC_ROOT_CLASS = YES_ERROR;
				CLANG_WARN_QUOTED_INCLUDE_IN_FRAMEWORK_HEADER = YES;
				CLANG_WARN_RANGE_LOOP_ANALYSIS = YES;
				CLANG_WARN_STRICT_PROTOTYPES = YES;
				CLANG_WARN_SUSPICIOUS_MOVE = YES;
				CLANG_WARN_UNGUARDED_AVAILABILITY = YES_AGGRESSIVE;
				CLANG_WARN_UNREACHABLE_CODE = YES;
				CLANG_WARN__DUPLICATE_METHOD_MATCH = YES;
				COPY_PHASE_STRIP = NO;
				DEBUG_INFORMATION_FORMAT = dwarf;
				ENABLE_STRICT_OBJC_MSGSEND = YES;
				ENABLE_TESTABILITY = YES;
				ENABLE_USER_SCRIPT_SANDBOXING = YES;
				GCC_C_LANGUAGE_STANDARD = gnu17;
				GCC_DYNAMIC_NO_PIC = NO;
				GCC_NO_COMMON_BLOCKS = YES;
				GCC_OPTIMIZATION_LEVEL = 0;
				GCC_PREPROCESSOR_DEFINITIONS = (
					"DEBUG=1",
					"$(inherited)",
				);
				GCC_WARN_64_TO_32_BIT_CONVERSION = YES;
				GCC_WARN_ABOUT_RETURN_TYPE = YES_ERROR;
				GCC_WARN_UNDECLARED_SELECTOR = YES;
				GCC_WARN_UNINITIALIZED_AUTOS = YES_AGGRESSIVE;
				GCC_WARN_UNUSED_FUNCTION = YES;
				GCC_WARN_UNUSED_VARIABLE = YES;
				IPHONEOS_DEPLOYMENT_TARGET = 17.0;
				LOCALIZATION_PREFERS_STRING_CATALOGS = YES;
				MTL_ENABLE_DEBUG_INFO = INCLUDE_SOURCE;
				MTL_FAST_MATH = YES;
				ONLY_ACTIVE_ARCH = YES;
				SDKROOT = iphoneos;
				SWIFT_ACTIVE_COMPILATION_CONDITIONS = "DEBUG $(inherited)";
				SWIFT_OPTIMIZATION_LEVEL = "-Onone";
			};
			name = Debug;
		};
		65070DAC2AD5A63B00AB181E /* Release */ = {
			isa = XCBuildConfiguration;
			buildSettings = {
				ALWAYS_SEARCH_USER_PATHS = NO;
				ASSETCATALOG_COMPILER_GENERATE_SWIFT_ASSET_SYMBOL_EXTENSIONS = YES;
				CLANG_ANALYZER_NONNULL = YES;
				CLANG_ANALYZER_NUMBER_OBJECT_CONVERSION = YES_AGGRESSIVE;
				CLANG_CXX_LANGUAGE_STANDARD = "gnu++20";
				CLANG_ENABLE_MODULES = YES;
				CLANG_ENABLE_OBJC_ARC = YES;
				CLANG_ENABLE_OBJC_WEAK = YES;
				CLANG_WARN_BLOCK_CAPTURE_AUTORELEASING = YES;
				CLANG_WARN_BOOL_CONVERSION = YES;
				CLANG_WARN_COMMA = YES;
				CLANG_WARN_CONSTANT_CONVERSION = YES;
				CLANG_WARN_DEPRECATED_OBJC_IMPLEMENTATIONS = YES;
				CLANG_WARN_DIRECT_OBJC_ISA_USAGE = YES_ERROR;
				CLANG_WARN_DOCUMENTATION_COMMENTS = YES;
				CLANG_WARN_EMPTY_BODY = YES;
				CLANG_WARN_ENUM_CONVERSION = YES;
				CLANG_WARN_INFINITE_RECURSION = YES;
				CLANG_WARN_INT_CONVERSION = YES;
				CLANG_WARN_NON_LITERAL_NULL_CONVERSION = YES;
				CLANG_WARN_OBJC_IMPLICIT_RETAIN_SELF = YES;
				CLANG_WARN_OBJC_LITERAL_CONVERSION = YES;
				CLANG_WARN_OBJC_ROOT_CLASS = YES_ERROR;
				CLANG_WARN_QUOTED_INCLUDE_IN_FRAMEWORK_HEADER = YES;
				CLANG_WARN_RANGE_LOOP_ANALYSIS = YES;
				CLANG_WARN_STRICT_PROTOTYPES = YES;
				CLANG_WARN_SUSPICIOUS_MOVE = YES;
				CLANG_WARN_UNGUARDED_AVAILABILITY = YES_AGGRESSIVE;
				CLANG_WARN_UNREACHABLE_CODE = YES;
				CLANG_WARN__DUPLICATE_METHOD_MATCH = YES;
				COPY_PHASE_STRIP = NO;
				DEBUG_INFORMATION_FORMAT = "dwarf-with-dsym";
				ENABLE_NS_ASSERTIONS = NO;
				ENABLE_STRICT_OBJC_MSGSEND = YES;
				ENABLE_USER_SCRIPT_SANDBOXING = YES;
				GCC_C_LANGUAGE_STANDARD = gnu17;
				GCC_NO_COMMON_BLOCKS = YES;
				GCC_WARN_64_TO_32_BIT_CONVERSION = YES;
				GCC_WARN_ABOUT_RETURN_TYPE = YES_ERROR;
				GCC_WARN_UNDECLARED_SELECTOR = YES;
				GCC_WARN_UNINITIALIZED_AUTOS = YES_AGGRESSIVE;
				GCC_WARN_UNUSED_FUNCTION = YES;
				GCC_WARN_UNUSED_VARIABLE = YES;
				IPHONEOS_DEPLOYMENT_TARGET = 17.0;
				LOCALIZATION_PREFERS_STRING_CATALOGS = YES;
				MTL_ENABLE_DEBUG_INFO = NO;
				MTL_FAST_MATH = YES;
				SDKROOT = iphoneos;
				SWIFT_COMPILATION_MODE = wholemodule;
				VALIDATE_PRODUCT = YES;
			};
			name = Release;
		};
		65070DAE2AD5A63B00AB181E /* Debug */ = {
			isa = XCBuildConfiguration;
			buildSettings = {
				ASSETCATALOG_COMPILER_APPICON_NAME = AppIcon;
				ASSETCATALOG_COMPILER_GLOBAL_ACCENT_COLOR_NAME = AccentColor;
				CODE_SIGN_ENTITLEMENTS = rpgsheet/rpgsheet.entitlements;
				CODE_SIGN_STYLE = Automatic;
				CURRENT_PROJECT_VERSION = 1;
				DEVELOPMENT_ASSET_PATHS = "\"rpgsheet/Preview Content\"";
				DEVELOPMENT_TEAM = 6QJFWMSLWU;
				ENABLE_PREVIEWS = YES;
				GENERATE_INFOPLIST_FILE = YES;
				INFOPLIST_FILE = rpgsheet/Info.plist;
				INFOPLIST_KEY_UIApplicationSceneManifest_Generation = YES;
				INFOPLIST_KEY_UIApplicationSupportsIndirectInputEvents = YES;
				INFOPLIST_KEY_UILaunchScreen_Generation = YES;
				INFOPLIST_KEY_UISupportedInterfaceOrientations_iPad = "UIInterfaceOrientationPortrait UIInterfaceOrientationPortraitUpsideDown UIInterfaceOrientationLandscapeLeft UIInterfaceOrientationLandscapeRight";
				INFOPLIST_KEY_UISupportedInterfaceOrientations_iPhone = "UIInterfaceOrientationPortrait UIInterfaceOrientationLandscapeLeft UIInterfaceOrientationLandscapeRight";
				LD_RUNPATH_SEARCH_PATHS = (
					"$(inherited)",
					"@executable_path/Frameworks",
				);
				MARKETING_VERSION = 1.0;
				PRODUCT_BUNDLE_IDENTIFIER = com.augustoavelino.rpgsheet;
				PRODUCT_NAME = "$(TARGET_NAME)";
				SWIFT_EMIT_LOC_STRINGS = YES;
				SWIFT_VERSION = 5.0;
				TARGETED_DEVICE_FAMILY = "1,2";
			};
			name = Debug;
		};
		65070DAF2AD5A63B00AB181E /* Release */ = {
			isa = XCBuildConfiguration;
			buildSettings = {
				ASSETCATALOG_COMPILER_APPICON_NAME = AppIcon;
				ASSETCATALOG_COMPILER_GLOBAL_ACCENT_COLOR_NAME = AccentColor;
				CODE_SIGN_ENTITLEMENTS = rpgsheet/rpgsheet.entitlements;
				CODE_SIGN_STYLE = Automatic;
				CURRENT_PROJECT_VERSION = 1;
				DEVELOPMENT_ASSET_PATHS = "\"rpgsheet/Preview Content\"";
				DEVELOPMENT_TEAM = 6QJFWMSLWU;
				ENABLE_PREVIEWS = YES;
				GENERATE_INFOPLIST_FILE = YES;
				INFOPLIST_FILE = rpgsheet/Info.plist;
				INFOPLIST_KEY_UIApplicationSceneManifest_Generation = YES;
				INFOPLIST_KEY_UIApplicationSupportsIndirectInputEvents = YES;
				INFOPLIST_KEY_UILaunchScreen_Generation = YES;
				INFOPLIST_KEY_UISupportedInterfaceOrientations_iPad = "UIInterfaceOrientationPortrait UIInterfaceOrientationPortraitUpsideDown UIInterfaceOrientationLandscapeLeft UIInterfaceOrientationLandscapeRight";
				INFOPLIST_KEY_UISupportedInterfaceOrientations_iPhone = "UIInterfaceOrientationPortrait UIInterfaceOrientationLandscapeLeft UIInterfaceOrientationLandscapeRight";
				LD_RUNPATH_SEARCH_PATHS = (
					"$(inherited)",
					"@executable_path/Frameworks",
				);
				MARKETING_VERSION = 1.0;
				PRODUCT_BUNDLE_IDENTIFIER = com.augustoavelino.rpgsheet;
				PRODUCT_NAME = "$(TARGET_NAME)";
				SWIFT_EMIT_LOC_STRINGS = YES;
				SWIFT_VERSION = 5.0;
				TARGETED_DEVICE_FAMILY = "1,2";
			};
			name = Release;
		};
		65070DB12AD5A63B00AB181E /* Debug */ = {
			isa = XCBuildConfiguration;
			buildSettings = {
				ALWAYS_EMBED_SWIFT_STANDARD_LIBRARIES = YES;
				BUNDLE_LOADER = "$(TEST_HOST)";
				CODE_SIGN_STYLE = Automatic;
				CURRENT_PROJECT_VERSION = 1;
				DEVELOPMENT_TEAM = 6QJFWMSLWU;
				GENERATE_INFOPLIST_FILE = YES;
				IPHONEOS_DEPLOYMENT_TARGET = 17.0;
				MARKETING_VERSION = 1.0;
				PRODUCT_BUNDLE_IDENTIFIER = com.augustoavelino.rpgsheetTests;
				PRODUCT_NAME = "$(TARGET_NAME)";
				SWIFT_EMIT_LOC_STRINGS = NO;
				SWIFT_VERSION = 5.0;
				TARGETED_DEVICE_FAMILY = "1,2";
				TEST_HOST = "$(BUILT_PRODUCTS_DIR)/rpgsheet.app/$(BUNDLE_EXECUTABLE_FOLDER_PATH)/rpgsheet";
			};
			name = Debug;
		};
		65070DB22AD5A63B00AB181E /* Release */ = {
			isa = XCBuildConfiguration;
			buildSettings = {
				ALWAYS_EMBED_SWIFT_STANDARD_LIBRARIES = YES;
				BUNDLE_LOADER = "$(TEST_HOST)";
				CODE_SIGN_STYLE = Automatic;
				CURRENT_PROJECT_VERSION = 1;
				DEVELOPMENT_TEAM = 6QJFWMSLWU;
				GENERATE_INFOPLIST_FILE = YES;
				IPHONEOS_DEPLOYMENT_TARGET = 17.0;
				MARKETING_VERSION = 1.0;
				PRODUCT_BUNDLE_IDENTIFIER = com.augustoavelino.rpgsheetTests;
				PRODUCT_NAME = "$(TARGET_NAME)";
				SWIFT_EMIT_LOC_STRINGS = NO;
				SWIFT_VERSION = 5.0;
				TARGETED_DEVICE_FAMILY = "1,2";
				TEST_HOST = "$(BUILT_PRODUCTS_DIR)/rpgsheet.app/$(BUNDLE_EXECUTABLE_FOLDER_PATH)/rpgsheet";
			};
			name = Release;
		};
		65070DB42AD5A63B00AB181E /* Debug */ = {
			isa = XCBuildConfiguration;
			buildSettings = {
				ALWAYS_EMBED_SWIFT_STANDARD_LIBRARIES = YES;
				CODE_SIGN_STYLE = Automatic;
				CURRENT_PROJECT_VERSION = 1;
				DEVELOPMENT_TEAM = 6QJFWMSLWU;
				GENERATE_INFOPLIST_FILE = YES;
				MARKETING_VERSION = 1.0;
				PRODUCT_BUNDLE_IDENTIFIER = com.augustoavelino.rpgsheetUITests;
				PRODUCT_NAME = "$(TARGET_NAME)";
				SWIFT_EMIT_LOC_STRINGS = NO;
				SWIFT_VERSION = 5.0;
				TARGETED_DEVICE_FAMILY = "1,2";
				TEST_TARGET_NAME = rpgsheet;
			};
			name = Debug;
		};
		65070DB52AD5A63B00AB181E /* Release */ = {
			isa = XCBuildConfiguration;
			buildSettings = {
				ALWAYS_EMBED_SWIFT_STANDARD_LIBRARIES = YES;
				CODE_SIGN_STYLE = Automatic;
				CURRENT_PROJECT_VERSION = 1;
				DEVELOPMENT_TEAM = 6QJFWMSLWU;
				GENERATE_INFOPLIST_FILE = YES;
				MARKETING_VERSION = 1.0;
				PRODUCT_BUNDLE_IDENTIFIER = com.augustoavelino.rpgsheetUITests;
				PRODUCT_NAME = "$(TARGET_NAME)";
				SWIFT_EMIT_LOC_STRINGS = NO;
				SWIFT_VERSION = 5.0;
				TARGETED_DEVICE_FAMILY = "1,2";
				TEST_TARGET_NAME = rpgsheet;
			};
			name = Release;
		};
/* End XCBuildConfiguration section */

/* Begin XCConfigurationList section */
		65070D802AD5A63A00AB181E /* Build configuration list for PBXProject "rpgsheet" */ = {
			isa = XCConfigurationList;
			buildConfigurations = (
				65070DAB2AD5A63B00AB181E /* Debug */,
				65070DAC2AD5A63B00AB181E /* Release */,
			);
			defaultConfigurationIsVisible = 0;
			defaultConfigurationName = Release;
		};
		65070DAD2AD5A63B00AB181E /* Build configuration list for PBXNativeTarget "rpgsheet" */ = {
			isa = XCConfigurationList;
			buildConfigurations = (
				65070DAE2AD5A63B00AB181E /* Debug */,
				65070DAF2AD5A63B00AB181E /* Release */,
			);
			defaultConfigurationIsVisible = 0;
			defaultConfigurationName = Release;
		};
		65070DB02AD5A63B00AB181E /* Build configuration list for PBXNativeTarget "rpgsheetTests" */ = {
			isa = XCConfigurationList;
			buildConfigurations = (
				65070DB12AD5A63B00AB181E /* Debug */,
				65070DB22AD5A63B00AB181E /* Release */,
			);
			defaultConfigurationIsVisible = 0;
			defaultConfigurationName = Release;
		};
		65070DB32AD5A63B00AB181E /* Build configuration list for PBXNativeTarget "rpgsheetUITests" */ = {
			isa = XCConfigurationList;
			buildConfigurations = (
				65070DB42AD5A63B00AB181E /* Debug */,
				65070DB52AD5A63B00AB181E /* Release */,
			);
			defaultConfigurationIsVisible = 0;
			defaultConfigurationName = Release;
		};
/* End XCConfigurationList section */
	};
	rootObject = 65070D7D2AD5A63A00AB181E /* Project object */;
}
